{
    "_readme": [
        "This file locks the dependencies of your project to a known state",
        "Read more about it at https://getcomposer.org/doc/01-basic-usage.md#composer-lock-the-lock-file",
        "This file is @generated automatically"
    ],
    "hash": "630534dd334d994c5b304fb7bcd75a5e",
    "content-hash": "addf1e673f3be3ad9764b057603decd2",
    "packages": [
        {
            "name": "objectivco/wordpress-simple-settings",
            "version": "0.3.0",
            "source": {
                "type": "git",
                "url": "https://github.com/Objectivco/wordpress-simple-settings.git",
                "reference": "22aaa7842321d7002968767b97738eb0355801bf"
            },
            "dist": {
                "type": "zip",
                "url": "https://api.github.com/repos/Objectivco/wordpress-simple-settings/zipball/22aaa7842321d7002968767b97738eb0355801bf",
                "reference": "22aaa7842321d7002968767b97738eb0355801bf",
                "shasum": ""
            },
            "require": {
                "php": ">=5.2.0"
            },
            "type": "library",
            "autoload": {
                "classmap": [
                    "src/wordpress-simple-settings.php"
                ]
            },
            "notification-url": "https://packagist.org/downloads/",
            "license": [
                "GPL-3.0+"
            ],
            "authors": [
                {
                    "name": "Clifton Griffin",
                    "email": "clif@objectiv.co"
                }
            ],
            "description": "A minimalist framework for managing WordPress plugin or theme settings.",
            "homepage": "https://github.com/Objectivco/wordpress-simple-settings",
            "time": "2017-02-07 18:17:09"
        }
    ],
    "packages-dev": [],
    "aliases": [],
    "minimum-stability": "stable",
    "stability-flags": [],
    "prefer-stable": false,
    "prefer-lowest": false,
    "platform": [],
    "platform-dev": []
}
